lockfileVersion: '6.0'

settings:
  autoInstallPeers: true
  excludeLinksFromLockfile: false

dependencies:
  tinybase:
    specifier: ^5.3.5
    version: 5.3.5(ws@8.18.0)
  ws:
    specifier: ^8.18.0
    version: 8.18.0

packages:

  /tinybase@5.3.5(ws@8.18.0):
    resolution: {integrity: sha512-vpklSw23BF2ZbqohBaMYZQjvNl/i7adKLIHQZvrXERD1pJToKHEsFVpTF1JeFNh54eIzrD7PfQaDlyBrw/qsSg==}
    hasBin: true
    peerDependencies:
      '@automerge/automerge-repo': ^1.2.0
      '@electric-sql/pglite': ^0.2.12
      '@libsql/client': ^0.14.0
      '@powersync/common': ^1.20.0
      '@sqlite.org/sqlite-wasm': ^3.46.1-build5
      '@vlcn.io/crsqlite-wasm': ^0.16.0
      electric-sql: ^0.12.1
      expo: ^51.0.0
      expo-sqlite: ^14.0.5
      partykit: ^0.0.111
      partysocket: ^1.0.2
      postgres: ^3.4.4
      prettier: ^3.3.2
      react: ^18.2.0
      react-dom: ^18.2.0
      sqlite3: ^5.1.7
      ws: ^8.17.0
      yjs: ^13.6.20
    peerDependenciesMeta:
      '@automerge/automerge-repo':
        optional: true
      '@electric-sql/pglite':
        optional: true
      '@libsql/client':
        optional: true
      '@powersync/common':
        optional: true
      '@sqlite.org/sqlite-wasm':
        optional: true
      '@vlcn.io/crsqlite-wasm':
        optional: true
      electric-sql:
        optional: true
      expo:
        optional: true
      expo-sqlite:
        optional: true
      partykit:
        optional: true
      partysocket:
        optional: true
      postgres:
        optional: true
      prettier:
        optional: true
      react:
        optional: true
      react-dom:
        optional: true
      sqlite3:
        optional: true
      ws:
        optional: true
      yjs:
        optional: true
    dependencies:
      ws: 8.18.0
    dev: false

  /ws@8.18.0:
    resolution: {integrity: sha512-8VbfWfHLbbwu3+N6OKsOMpBdT4kXPDDB9cJk2bJ6mh9ucxdlnNvH1e+roYkKmN9Nxw2yjz7VzeO9oOz2zJ04Pw==}
    engines: {node: '>=10.0.0'}
    peerDependencies:
      bufferutil: ^4.0.1
      utf-8-validate: '>=5.0.2'
    peerDependenciesMeta:
      bufferutil:
        optional: true
      utf-8-validate:
        optional: true
    dev: false
